<?xml version="1.0" encoding="utf-8"?>
<Project ToolsVersion="4.0" xmlns="http://schemas.microsoft.com/developer/msbuild/2003">
  <ItemGroup>
    <Filter Include="pch">
      <UniqueIdentifier>{93995380-89BD-4b04-88EB-625FBE52EBFB}</UniqueIdentifier>
      <Extensions>h;hh;hpp;hxx;h++;hm;inl;inc;ipp;xsd</Extensions>
    </Filter>
    <Filter Include="src">
      <UniqueIdentifier>{4FC737F1-C7A5-4376-A066-2A32D752A2FF}</UniqueIdentifier>
      <Extensions>cpp;c;cc;cxx;c++;def;odl;idl;hpj;bat;asm;asmx</Extensions>
    </Filter>
    <Filter Include="src\Descriptors">
      <UniqueIdentifier>{bf22d5d4-941c-43aa-a493-c7cc5191b8ef}</UniqueIdentifier>
    </Filter>
    <Filter Include="src\Device">
      <UniqueIdentifier>{ebff8e5e-f97b-41dd-bc18-e334278f2d15}</UniqueIdentifier>
    </Filter>
    <Filter Include="src\Events">
      <UniqueIdentifier>{ecdeb703-1709-4b7e-9f6f-10b627e0d2fe}</UniqueIdentifier>
    </Filter>
    <Filter Include="src\Resources">
      <UniqueIdentifier>{028a5f25-bc4b-4ba0-b770-6c9962cab70e}</UniqueIdentifier>
    </Filter>
    <Filter Include="src\Sync">
      <UniqueIdentifier>{ab0fab81-ecc1-4db6-89e5-ffe926009dc2}</UniqueIdentifier>
    </Filter>
    <Filter Include="src\WindowFactory">
      <UniqueIdentifier>{80714b16-7857-4f0d-b8fd-cc6aa848450d}</UniqueIdentifier>
    </Filter>
    <Filter Include="src\Events\Implementations">
      <UniqueIdentifier>{c708cb94-8d9d-4ec6-a958-144dc71eefbf}</UniqueIdentifier>
    </Filter>
    <Filter Include="src\Events\Implementations\Windows">
      <UniqueIdentifier>{1fde7585-8c4d-4727-ac75-edf4901bd1fb}</UniqueIdentifier>
    </Filter>
    <Filter Include="src\WindowFactory\Implementations">
      <UniqueIdentifier>{b9175eef-e8f4-47ae-90e7-c7de27eda094}</UniqueIdentifier>
    </Filter>
    <Filter Include="src\WindowFactory\Implementations\Windows">
      <UniqueIdentifier>{60ded7f9-9337-4b8d-93f9-23fb36e409ad}</UniqueIdentifier>
    </Filter>
    <Filter Include="src\Commands">
      <UniqueIdentifier>{83213138-7c75-4004-b91d-baadcef0a5ae}</UniqueIdentifier>
    </Filter>
    <Filter Include="src\Commands\Implementations">
      <UniqueIdentifier>{d257d46c-4384-4c74-b692-0d8292dca874}</UniqueIdentifier>
    </Filter>
    <Filter Include="src\Commands\Implementations\Windows">
      <UniqueIdentifier>{99536b98-b86e-4d14-9694-f4ac1b64d95c}</UniqueIdentifier>
    </Filter>
    <Filter Include="src\Commands\Implementations\Windows\dx12">
      <UniqueIdentifier>{4d7772e1-aee0-4491-8941-67964d8163c4}</UniqueIdentifier>
    </Filter>
    <Filter Include="src\Device\Implementations">
      <UniqueIdentifier>{e9f57f2e-5caa-4166-8f7b-46f1fc8bc160}</UniqueIdentifier>
    </Filter>
    <Filter Include="src\Device\Implementations\Windows">
      <UniqueIdentifier>{4483ea4b-78a6-4084-a57e-5f54c21f7ae6}</UniqueIdentifier>
    </Filter>
    <Filter Include="src\Device\Implementations\Windows\dx12">
      <UniqueIdentifier>{37e5b4b8-e8e4-4d4f-aaa7-816b3402304f}</UniqueIdentifier>
    </Filter>
  </ItemGroup>
  <ItemGroup>
    <ClInclude Include="framework.h">
      <Filter>pch</Filter>
    </ClInclude>
    <ClInclude Include="pch.h">
      <Filter>pch</Filter>
    </ClInclude>
    <ClInclude Include="Descriptors\BlendStateDescriptor.h">
      <Filter>src\Descriptors</Filter>
    </ClInclude>
    <ClInclude Include="Descriptors\BufferDescriptor.h">
      <Filter>src\Descriptors</Filter>
    </ClInclude>
    <ClInclude Include="Descriptors\ClearDescriptor.h">
      <Filter>src\Descriptors</Filter>
    </ClInclude>
    <ClInclude Include="Descriptors\DepthStencilStateDescriptor.h">
      <Filter>src\Descriptors</Filter>
    </ClInclude>
    <ClInclude Include="Descriptors\InputLayoutDescriptor.h">
      <Filter>src\Descriptors</Filter>
    </ClInclude>
    <ClInclude Include="Descriptors\PipelineDescriptor.h">
      <Filter>src\Descriptors</Filter>
    </ClInclude>
    <ClInclude Include="Descriptors\PixelFormats.h">
      <Filter>src\Descriptors</Filter>
    </ClInclude>
    <ClInclude Include="Descriptors\PrimitiveTopology.h">
      <Filter>src\Descriptors</Filter>
    </ClInclude>
    <ClInclude Include="Descriptors\RasterizerStateDescriptor.h">
      <Filter>src\Descriptors</Filter>
    </ClInclude>
    <ClInclude Include="Descriptors\ResourceUsage.h">
      <Filter>src\Descriptors</Filter>
    </ClInclude>
    <ClInclude Include="Descriptors\SamplerStateDescriptor.h">
      <Filter>src\Descriptors</Filter>
    </ClInclude>
    <ClInclude Include="Descriptors\ScissorRectDescriptor.h">
      <Filter>src\Descriptors</Filter>
    </ClInclude>
    <ClInclude Include="Descriptors\ShaderDescriptor.h">
      <Filter>src\Descriptors</Filter>
    </ClInclude>
    <ClInclude Include="Descriptors\SurfaceDescriptor.h">
      <Filter>src\Descriptors</Filter>
    </ClInclude>
    <ClInclude Include="Descriptors\TextureDescriptor.h">
      <Filter>src\Descriptors</Filter>
    </ClInclude>
    <ClInclude Include="Descriptors\ViewportDescriptor.h">
      <Filter>src\Descriptors</Filter>
    </ClInclude>
    <ClInclude Include="Device\GfxPlatform.h">
      <Filter>src\Device</Filter>
    </ClInclude>
    <ClInclude Include="Events\MessagePump.h">
      <Filter>src\Events</Filter>
    </ClInclude>
    <ClInclude Include="WindowFactory\WindowFactory.h">
      <Filter>src\WindowFactory</Filter>
    </ClInclude>
    <ClInclude Include="Sync\Barrier.h">
      <Filter>src\Sync</Filter>
    </ClInclude>
    <ClInclude Include="Resources\ResourceHandles.h">
      <Filter>src\Resources</Filter>
    </ClInclude>
    <ClInclude Include="Commands\GpuCommandList.h">
      <Filter>src\Commands</Filter>
    </ClInclude>
    <ClInclude Include="Commands\GpuCommandQueue.h">
      <Filter>src\Commands</Filter>
    </ClInclude>
    <ClInclude Include="Device\GpuDevice.h">
      <Filter>src\Device</Filter>
    </ClInclude>
  </ItemGroup>
  <ItemGroup>
    <ClCompile Include="Device\GpuDevice.cpp">
      <Filter>src\Device</Filter>
    </ClCompile>
    <ClCompile Include="Events\MessagePump.cpp">
      <Filter>src\Events</Filter>
    </ClCompile>
    <ClCompile Include="WindowFactory\WindowFactory.cpp">
      <Filter>src\WindowFactory</Filter>
    </ClCompile>
    <ClCompile Include="pch.cpp">
      <Filter>pch</Filter>
    </ClCompile>
    <ClCompile Include="Commands\GpuCommandList.cpp">
      <Filter>src\Commands</Filter>
    </ClCompile>
    <ClCompile Include="Commands\GpuCommandQueue.cpp">
      <Filter>src\Commands</Filter>
    </ClCompile>
  </ItemGroup>
  <ItemGroup>
    <None Include="Events\Implementations\Windows\MessagePump.inl">
      <Filter>src\Events\Implementations\Windows</Filter>
    </None>
    <None Include="WindowFactory\Implementations\Windows\WindowFactory.inl">
      <Filter>src\WindowFactory\Implementations\Windows</Filter>
    </None>
    <None Include="Commands\Implementations\Windows\dx12\GpuCommandList.inl">
      <Filter>src\Commands\Implementations\Windows\dx12</Filter>
    </None>
    <None Include="Commands\Implementations\Windows\dx12\GpuCommandQueue.inl">
      <Filter>src\Commands\Implementations\Windows\dx12</Filter>
    </None>
    <None Include="Device\Implementations\Windows\dx12\GpuDevice.inl">
      <Filter>src\Device\Implementations\Windows\dx12</Filter>
    </None>
  </ItemGroup>
</Project>